
Microsoft Visual Studio Solution File, Format Version 12.00
# Visual Studio Version 17
VisualStudioVersion = 17.11.35312.102
MinimumVisualStudioVersion = 10.0.40219.1
Project("{8BC9CEB8-8B4A-11D0-8D11-00A0C91BC942}") = "hw1", "hw1\hw1.vcxproj", "{CC3740FE-667B-48F1-873E-D409E5D1648C}"
EndProject
Global
	GlobalSection(SolutionConfigurationPlatforms) = preSolution
		Debug|x64 = Debug|x64
		Debug|x86 = Debug|x86
		Release|x64 = Release|x64
		Release|x86 = Release|x86
	EndGlobalSection
	GlobalSection(ProjectConfigurationPlatforms) = postSolution
		{CC3740FE-667B-48F1-873E-D409E5D1648C}.Debug|x64.ActiveCfg = Debug|x64
		{CC3740FE-667B-48F1-873E-D409E5D1648C}.Debug|x64.Build.0 = Debug|x64
		{CC3740FE-667B-48F1-873E-D409E5D1648C}.Debug|x86.ActiveCfg = Debug|Win32
		{CC3740FE-667B-48F1-873E-D409E5D1648C}.Debug|x86.Build.0 = Debug|Win32
		{CC3740FE-667B-48F1-873E-D409E5D1648C}.Release|x64.ActiveCfg = Release|x64
		{CC3740FE-667B-48F1-873E-D409E5D1648C}.Release|x64.Build.0 = Release|x64
		{CC3740FE-667B-48F1-873E-D409E5D1648C}.Release|x86.ActiveCfg = Release|Win32
		{CC3740FE-667B-48F1-873E-D409E5D1648C}.Release|x86.Build.0 = Release|Win32
	EndGlobalSection
	GlobalSection(SolutionProperties) = preSolution
		HideSolutionNode = FALSE
	EndGlobalSection
	GlobalSection(ExtensibilityGlobals) = postSolution
		SolutionGuid = {E5155B9F-DA34-4FED-8911-E851DCFD4DE3}
	EndGlobalSection
EndGlobal
